
Microsoft Visual Studio Solution File, Format Version 12.00
# Visual Studio Version 17
VisualStudioVersion = 17.7.34031.279
MinimumVisualStudioVersion = 10.0.40219.1
Project("{FAE04EC0-301F-11D3-BF4B-00C04F79EFBC}") = "LamdaLab12", "LamdaLab12\LamdaLab12.csproj", "{288543D2-D841-46D3-BFF2-D0095986A040}"
EndProject
Global
	GlobalSection(SolutionConfigurationPlatforms) = preSolution
		Debug|Any CPU = Debug|Any CPU
		Release|Any CPU = Release|Any CPU
	EndGlobalSection
	GlobalSection(ProjectConfigurationPlatforms) = postSolution
		{288543D2-D841-46D3-BFF2-D0095986A040}.Debug|Any CPU.ActiveCfg = Debug|Any CPU
		{288543D2-D841-46D3-BFF2-D0095986A040}.Debug|Any CPU.Build.0 = Debug|Any CPU
		{288543D2-D841-46D3-BFF2-D0095986A040}.Release|Any CPU.ActiveCfg = Release|Any CPU
		{288543D2-D841-46D3-BFF2-D0095986A040}.Release|Any CPU.Build.0 = Release|Any CPU
	EndGlobalSection
	GlobalSection(SolutionProperties) = preSolution
		HideSolutionNode = FALSE
	EndGlobalSection
	GlobalSection(ExtensibilityGlobals) = postSolution
		SolutionGuid = {3736CC4F-FDA3-47FF-81EC-B00A15DF6597}
	EndGlobalSection
EndGlobal
